
Microsoft Visual Studio Solution File, Format Version 12.00
# Visual Studio Version 17
VisualStudioVersion = 17.11.35312.102
MinimumVisualStudioVersion = 10.0.40219.1
Project("{FAE04EC0-301F-11D3-BF4B-00C04F79EFBC}") = "Kabelo Monageng Portfolio", "Kabelo Monageng Portfolio.csproj", "{4EF56D5C-5977-4053-847D-3B7A5F9F7B4C}"
EndProject
Global
	GlobalSection(SolutionConfigurationPlatforms) = preSolution
		Debug|Any CPU = Debug|Any CPU
		Release|Any CPU = Release|Any CPU
	EndGlobalSection
	GlobalSection(ProjectConfigurationPlatforms) = postSolution
		{4EF56D5C-5977-4053-847D-3B7A5F9F7B4C}.Debug|Any CPU.ActiveCfg = Debug|Any CPU
		{4EF56D5C-5977-4053-847D-3B7A5F9F7B4C}.Debug|Any CPU.Build.0 = Debug|Any CPU
		{4EF56D5C-5977-4053-847D-3B7A5F9F7B4C}.Release|Any CPU.ActiveCfg = Release|Any CPU
		{4EF56D5C-5977-4053-847D-3B7A5F9F7B4C}.Release|Any CPU.Build.0 = Release|Any CPU
	EndGlobalSection
	GlobalSection(SolutionProperties) = preSolution
		HideSolutionNode = FALSE
	EndGlobalSection
	GlobalSection(ExtensibilityGlobals) = postSolution
		SolutionGuid = {06796782-9605-4F14-BF0E-C2B1C451B275}
	EndGlobalSection
EndGlobal
